
Microsoft Visual Studio Solution File, Format Version 12.00
# Visual Studio Version 17
VisualStudioVersion = 17.1.32421.90
MinimumVisualStudioVersion = 10.0.40219.1
Project("{FAE04EC0-301F-11D3-BF4B-00C04F79EFBC}") = "lab4_ltm", "lab4_ltm\lab4_ltm.csproj", "{11DA84E6-D6F1-4976-91DD-3E8CD840B78D}"
EndProject
Global
	GlobalSection(SolutionConfigurationPlatforms) = preSolution
		Debug|Any CPU = Debug|Any CPU
		Release|Any CPU = Release|Any CPU
	EndGlobalSection
	GlobalSection(ProjectConfigurationPlatforms) = postSolution
		{11DA84E6-D6F1-4976-91DD-3E8CD840B78D}.Debug|Any CPU.ActiveCfg = Debug|Any CPU
		{11DA84E6-D6F1-4976-91DD-3E8CD840B78D}.Debug|Any CPU.Build.0 = Debug|Any CPU
		{11DA84E6-D6F1-4976-91DD-3E8CD840B78D}.Release|Any CPU.ActiveCfg = Release|Any CPU
		{11DA84E6-D6F1-4976-91DD-3E8CD840B78D}.Release|Any CPU.Build.0 = Release|Any CPU
	EndGlobalSection
	GlobalSection(SolutionProperties) = preSolution
		HideSolutionNode = FALSE
	EndGlobalSection
	GlobalSection(ExtensibilityGlobals) = postSolution
		SolutionGuid = {19CFD926-C735-4E64-8840-59D9D9F74301}
	EndGlobalSection
EndGlobal
